
Microsoft Visual Studio Solution File, Format Version 12.00
# Visual Studio 2013
VisualStudioVersion = 12.0.40629.0
MinimumVisualStudioVersion = 10.0.40219.1
Project("{FAE04EC0-301F-11D3-BF4B-00C04F79EFBC}") = "NgTodoList.Domain", "NgTodoList.Domain\NgTodoList.Domain.csproj", "{5C939BF8-9AC1-4A71-A320-81E4527892A7}"
EndProject
Project("{FAE04EC0-301F-11D3-BF4B-00C04F79EFBC}") = "NgTodoList.Domain.Tests", "NgTodoList.Domain.Tests\NgTodoList.Domain.Tests.csproj", "{B8CE06E8-B3F0-42EF-B40B-682F894666F6}"
EndProject
Project("{FAE04EC0-301F-11D3-BF4B-00C04F79EFBC}") = "NgTodoList.Utils", "NgTodoList.Utils\NgTodoList.Utils.csproj", "{28B6D189-88E0-45E2-8117-04CEABCA621D}"
EndProject
Project("{FAE04EC0-301F-11D3-BF4B-00C04F79EFBC}") = "NgTodoList.Data", "NgTodoList.Data\NgTodoList.Data.csproj", "{8FBDE394-B1ED-474A-8C97-80969962B87C}"
EndProject
Project("{FAE04EC0-301F-11D3-BF4B-00C04F79EFBC}") = "NgTodoList.Api", "NgTodoList.Api\NgTodoList.Api.csproj", "{C0F86206-AC18-45A1-8DF5-B176360BF2DC}"
EndProject
Global
	GlobalSection(SolutionConfigurationPlatforms) = preSolution
		Debug|Any CPU = Debug|Any CPU
		Release|Any CPU = Release|Any CPU
	EndGlobalSection
	GlobalSection(ProjectConfigurationPlatforms) = postSolution
		{5C939BF8-9AC1-4A71-A320-81E4527892A7}.Debug|Any CPU.ActiveCfg = Debug|Any CPU
		{5C939BF8-9AC1-4A71-A320-81E4527892A7}.Debug|Any CPU.Build.0 = Debug|Any CPU
		{5C939BF8-9AC1-4A71-A320-81E4527892A7}.Release|Any CPU.ActiveCfg = Release|Any CPU
		{5C939BF8-9AC1-4A71-A320-81E4527892A7}.Release|Any CPU.Build.0 = Release|Any CPU
		{B8CE06E8-B3F0-42EF-B40B-682F894666F6}.Debug|Any CPU.ActiveCfg = Debug|Any CPU
		{B8CE06E8-B3F0-42EF-B40B-682F894666F6}.Debug|Any CPU.Build.0 = Debug|Any CPU
		{B8CE06E8-B3F0-42EF-B40B-682F894666F6}.Release|Any CPU.ActiveCfg = Release|Any CPU
		{B8CE06E8-B3F0-42EF-B40B-682F894666F6}.Release|Any CPU.Build.0 = Release|Any CPU
		{28B6D189-88E0-45E2-8117-04CEABCA621D}.Debug|Any CPU.ActiveCfg = Debug|Any CPU
		{28B6D189-88E0-45E2-8117-04CEABCA621D}.Debug|Any CPU.Build.0 = Debug|Any CPU
		{28B6D189-88E0-45E2-8117-04CEABCA621D}.Release|Any CPU.ActiveCfg = Release|Any CPU
		{28B6D189-88E0-45E2-8117-04CEABCA621D}.Release|Any CPU.Build.0 = Release|Any CPU
		{8FBDE394-B1ED-474A-8C97-80969962B87C}.Debug|Any CPU.ActiveCfg = Debug|Any CPU
		{8FBDE394-B1ED-474A-8C97-80969962B87C}.Debug|Any CPU.Build.0 = Debug|Any CPU
		{8FBDE394-B1ED-474A-8C97-80969962B87C}.Release|Any CPU.ActiveCfg = Release|Any CPU
		{8FBDE394-B1ED-474A-8C97-80969962B87C}.Release|Any CPU.Build.0 = Release|Any CPU
		{C0F86206-AC18-45A1-8DF5-B176360BF2DC}.Debug|Any CPU.ActiveCfg = Debug|Any CPU
		{C0F86206-AC18-45A1-8DF5-B176360BF2DC}.Debug|Any CPU.Build.0 = Debug|Any CPU
		{C0F86206-AC18-45A1-8DF5-B176360BF2DC}.Release|Any CPU.ActiveCfg = Release|Any CPU
		{C0F86206-AC18-45A1-8DF5-B176360BF2DC}.Release|Any CPU.Build.0 = Release|Any CPU
	EndGlobalSection
	GlobalSection(SolutionProperties) = preSolution
		HideSolutionNode = FALSE
	EndGlobalSection
EndGlobal
